
Microsoft Visual Studio Solution File, Format Version 12.00
# Visual Studio Version 17
VisualStudioVersion = 17.4.33110.190
MinimumVisualStudioVersion = 10.0.40219.1
Project("{F2A71F9B-5D33-465A-A702-920D77279786}") = "CLI", "CLI\CLI.fsproj", "{F78D8FBB-B6FE-4938-BC00-70EBC0961ED7}"
EndProject
Global
	GlobalSection(SolutionConfigurationPlatforms) = preSolution
		Debug|Any CPU = Debug|Any CPU
		Release|Any CPU = Release|Any CPU
	EndGlobalSection
	GlobalSection(ProjectConfigurationPlatforms) = postSolution
		{F78D8FBB-B6FE-4938-BC00-70EBC0961ED7}.Debug|Any CPU.ActiveCfg = Debug|Any CPU
		{F78D8FBB-B6FE-4938-BC00-70EBC0961ED7}.Debug|Any CPU.Build.0 = Debug|Any CPU
		{F78D8FBB-B6FE-4938-BC00-70EBC0961ED7}.Release|Any CPU.ActiveCfg = Release|Any CPU
		{F78D8FBB-B6FE-4938-BC00-70EBC0961ED7}.Release|Any CPU.Build.0 = Release|Any CPU
	EndGlobalSection
	GlobalSection(SolutionProperties) = preSolution
		HideSolutionNode = FALSE
	EndGlobalSection
	GlobalSection(ExtensibilityGlobals) = postSolution
		SolutionGuid = {B6B58DC4-AA5B-47FB-8C97-3B009861ED51}
	EndGlobalSection
EndGlobal
